
Microsoft Visual Studio Solution File, Format Version 12.00
# Visual Studio 14
VisualStudioVersion = 14.0.25420.1
MinimumVisualStudioVersion = 10.0.40219.1
Project("{FAE04EC0-301F-11D3-BF4B-00C04F79EFBC}") = "TaskA", "TaskA\TaskA.csproj", "{B8FADAC6-CCAD-4263-9576-86C0904A46EF}"
EndProject
Project("{FAE04EC0-301F-11D3-BF4B-00C04F79EFBC}") = "TaskB", "TaskB\TaskB.csproj", "{E1B20E96-5DCE-4D3D-8A95-33C503490B5D}"
EndProject
Project("{FAE04EC0-301F-11D3-BF4B-00C04F79EFBC}") = "Polidrom", "Polidrom\Polidrom.csproj", "{111A3AC9-764C-4FB9-A243-A88D852FF68F}"
EndProject
Project("{FAE04EC0-301F-11D3-BF4B-00C04F79EFBC}") = "Override", "Override\Override.csproj", "{B67743BA-15EF-45B5-80B2-41E5EE155AD7}"
EndProject
Project("{FAE04EC0-301F-11D3-BF4B-00C04F79EFBC}") = "ArrComp", "ArrComp\ArrComp.csproj", "{D6022661-AA20-477A-836E-C8762FE0C8FD}"
EndProject
Project("{FAE04EC0-301F-11D3-BF4B-00C04F79EFBC}") = "sumOfTwo", "sumOfTwo\sumOfTwo.csproj", "{61713D66-5AA3-4E56-87FA-FD16B422A57A}"
EndProject
Global
	GlobalSection(SolutionConfigurationPlatforms) = preSolution
		Debug|Any CPU = Debug|Any CPU
		Release|Any CPU = Release|Any CPU
	EndGlobalSection
	GlobalSection(ProjectConfigurationPlatforms) = postSolution
		{B8FADAC6-CCAD-4263-9576-86C0904A46EF}.Debug|Any CPU.ActiveCfg = Debug|Any CPU
		{B8FADAC6-CCAD-4263-9576-86C0904A46EF}.Debug|Any CPU.Build.0 = Debug|Any CPU
		{B8FADAC6-CCAD-4263-9576-86C0904A46EF}.Release|Any CPU.ActiveCfg = Release|Any CPU
		{B8FADAC6-CCAD-4263-9576-86C0904A46EF}.Release|Any CPU.Build.0 = Release|Any CPU
		{E1B20E96-5DCE-4D3D-8A95-33C503490B5D}.Debug|Any CPU.ActiveCfg = Debug|Any CPU
		{E1B20E96-5DCE-4D3D-8A95-33C503490B5D}.Debug|Any CPU.Build.0 = Debug|Any CPU
		{E1B20E96-5DCE-4D3D-8A95-33C503490B5D}.Release|Any CPU.ActiveCfg = Release|Any CPU
		{E1B20E96-5DCE-4D3D-8A95-33C503490B5D}.Release|Any CPU.Build.0 = Release|Any CPU
		{111A3AC9-764C-4FB9-A243-A88D852FF68F}.Debug|Any CPU.ActiveCfg = Debug|Any CPU
		{111A3AC9-764C-4FB9-A243-A88D852FF68F}.Debug|Any CPU.Build.0 = Debug|Any CPU
		{111A3AC9-764C-4FB9-A243-A88D852FF68F}.Release|Any CPU.ActiveCfg = Release|Any CPU
		{111A3AC9-764C-4FB9-A243-A88D852FF68F}.Release|Any CPU.Build.0 = Release|Any CPU
		{B67743BA-15EF-45B5-80B2-41E5EE155AD7}.Debug|Any CPU.ActiveCfg = Debug|Any CPU
		{B67743BA-15EF-45B5-80B2-41E5EE155AD7}.Debug|Any CPU.Build.0 = Debug|Any CPU
		{B67743BA-15EF-45B5-80B2-41E5EE155AD7}.Release|Any CPU.ActiveCfg = Release|Any CPU
		{B67743BA-15EF-45B5-80B2-41E5EE155AD7}.Release|Any CPU.Build.0 = Release|Any CPU
		{D6022661-AA20-477A-836E-C8762FE0C8FD}.Debug|Any CPU.ActiveCfg = Debug|Any CPU
		{D6022661-AA20-477A-836E-C8762FE0C8FD}.Debug|Any CPU.Build.0 = Debug|Any CPU
		{D6022661-AA20-477A-836E-C8762FE0C8FD}.Release|Any CPU.ActiveCfg = Release|Any CPU
		{D6022661-AA20-477A-836E-C8762FE0C8FD}.Release|Any CPU.Build.0 = Release|Any CPU
		{61713D66-5AA3-4E56-87FA-FD16B422A57A}.Debug|Any CPU.ActiveCfg = Debug|Any CPU
		{61713D66-5AA3-4E56-87FA-FD16B422A57A}.Debug|Any CPU.Build.0 = Debug|Any CPU
		{61713D66-5AA3-4E56-87FA-FD16B422A57A}.Release|Any CPU.ActiveCfg = Release|Any CPU
		{61713D66-5AA3-4E56-87FA-FD16B422A57A}.Release|Any CPU.Build.0 = Release|Any CPU
	EndGlobalSection
	GlobalSection(SolutionProperties) = preSolution
		HideSolutionNode = FALSE
	EndGlobalSection
EndGlobal
